# THIS IS AN AUTOGENERATED FILE. DO NOT EDIT THIS FILE DIRECTLY.
# yarn lockfile v1


"@logseq/libs@^0.0.1-alpha.33":
  version "0.0.1-alpha.33"
  resolved "https://registry.npmmirror.com/@logseq/libs/download/@logseq/libs-0.0.1-alpha.33.tgz#842b1f1d4781dca651dff169e2a665c010146522"
  integrity sha512-l3tv0MlCjy902jXFmxUdjzC+s9rWb5JopwlnpM8h/uYIb7HkDt/eD4IK/ZAq4oYpyYINShR62KDxfH6ZcriXLg==
  dependencies:
    csstype "^3.0.8"
    debug "^4.3.1"
    dompurify "^2.2.7"
    eventemitter3 "^4.0.7"
    path "^0.12.7"
    snake-case "^3.0.4"

csstype@^3.0.8:
  version "3.0.10"
  resolved "https://registry.npmmirror.com/csstype/download/csstype-3.0.10.tgz?cache=0&other_urls=https%3A%2F%2Fregistry.npmmirror.com%2Fcsstype%2Fdownload%2Fcsstype-3.0.10.tgz#2ad3a7bed70f35b965707c092e5f30b327c290e5"
  integrity sha512-2u44ZG2OcNUO9HDp/Jl8C07x6pU/eTR3ncV91SiK3dhG9TWvRVsCoJw14Ckx5DgWkzGA3waZWO3d7pgqpUI/XA==

debug@^4.3.1:
  version "4.3.3"
  resolved "https://registry.npmmirror.com/debug/download/debug-4.3.3.tgz#04266e0b70a98d4462e6e288e38259213332b664"
  integrity sha512-/zxw5+vh1Tfv+4Qn7a5nsbcJKPaSvCDhojn6FEl9vupwK2VCSDtEiEtqr8DFtzYFOdz63LBkxec7DYuc2jon6Q==
  dependencies:
    ms "2.1.2"

dompurify@^2.2.7:
  version "2.3.4"
  resolved "https://registry.npmmirror.com/dompurify/download/dompurify-2.3.4.tgz#1cf5cf0105ccb4debdf6db162525bd41e6ddacc6"
  integrity sha512-6BVcgOAVFXjI0JTjEvZy901Rghm+7fDQOrNIcxB4+gdhj6Kwp6T9VBhBY/AbagKHJocRkDYGd6wvI+p4/10xtQ==

dot-case@^3.0.4:
  version "3.0.4"
  resolved "https://registry.nlark.com/dot-case/download/dot-case-3.0.4.tgz#9b2b670d00a431667a8a75ba29cd1b98809ce751"
  integrity sha1-mytnDQCkMWZ6inW6Kc0bmICc51E=
  dependencies:
    no-case "^3.0.4"
    tslib "^2.0.3"

eventemitter3@^4.0.7:
  version "4.0.7"
  resolved "https://registry.npm.taobao.org/eventemitter3/download/eventemitter3-4.0.7.tgz#2de9b68f6528d5644ef5c59526a1b4a07306169f"
  integrity sha1-Lem2j2Uo1WRO9cWVJqG0oHMGFp8=

inherits@2.0.3:
  version "2.0.3"
  resolved "https://registry.npm.taobao.org/inherits/download/inherits-2.0.3.tgz#633c2c83e3da42a502f52466022480f4208261de"
  integrity sha1-Yzwsg+PaQqUC9SRmAiSA9CCCYd4=

lower-case@^2.0.2:
  version "2.0.2"
  resolved "https://registry.nlark.com/lower-case/download/lower-case-2.0.2.tgz#6fa237c63dbdc4a82ca0fd882e4722dc5e634e28"
  integrity sha1-b6I3xj29xKgsoP2ILkci3F5jTig=
  dependencies:
    tslib "^2.0.3"

marked@^4.0.8:
  version "4.0.8"
  resolved "https://registry.npmmirror.com/marked/download/marked-4.0.8.tgz#ef127626ac65786460f9420d57cc8d5ffdcacbed"
  integrity sha512-dkpJMIlJpc833hbjjg8jraw1t51e/eKDoG8TFOgc5O0Z77zaYKigYekTDop5AplRoKFGIaoazhYEhGkMtU3IeA==

ms@2.1.2:
  version "2.1.2"
  resolved "https://registry.npmmirror.com/ms/download/ms-2.1.2.tgz#d09d1f357b443f493382a8eb3ccd183872ae6009"
  integrity sha1-0J0fNXtEP0kzgqjrPM0YOHKuYAk=

no-case@^3.0.4:
  version "3.0.4"
  resolved "https://registry.npm.taobao.org/no-case/download/no-case-3.0.4.tgz?cache=0&sync_timestamp=1606867315452&other_urls=https%3A%2F%2Fregistry.npm.taobao.org%2Fno-case%2Fdownload%2Fno-case-3.0.4.tgz#d361fd5c9800f558551a8369fc0dcd4662b6124d"
  integrity sha1-02H9XJgA9VhVGoNp/A3NRmK2Ek0=
  dependencies:
    lower-case "^2.0.2"
    tslib "^2.0.3"

path@^0.12.7:
  version "0.12.7"
  resolved "https://registry.npm.taobao.org/path/download/path-0.12.7.tgz#d4dc2a506c4ce2197eb481ebfcd5b36c0140b10f"
  integrity sha1-1NwqUGxM4hl+tIHr/NWzbAFAsQ8=
  dependencies:
    process "^0.11.1"
    util "^0.10.3"

preact@^10.6.4:
  version "10.6.4"
  resolved "https://registry.npmmirror.com/preact/download/preact-10.6.4.tgz#ad12c409ff1b4316158486e0a7b8d43636f7ced8"
  integrity sha512-WyosM7pxGcndU8hY0OQlLd54tOU+qmG45QXj2dAYrL11HoyU/EzOSTlpJsirbBr1QW7lICxSsVJJmcmUglovHQ==

process@^0.11.1:
  version "0.11.10"
  resolved "https://registry.npm.taobao.org/process/download/process-0.11.10.tgz#7332300e840161bda3e69a1d1d91a7d4bc16f182"
  integrity sha1-czIwDoQBYb2j5podHZGn1LwW8YI=

snake-case@^3.0.4:
  version "3.0.4"
  resolved "https://registry.npm.taobao.org/snake-case/download/snake-case-3.0.4.tgz?cache=0&sync_timestamp=1606869741560&other_urls=https%3A%2F%2Fregistry.npm.taobao.org%2Fsnake-case%2Fdownload%2Fsnake-case-3.0.4.tgz#4f2bbd568e9935abdfd593f34c691dadb49c452c"
  integrity sha1-Tyu9Vo6ZNavf1ZPzTGkdrbScRSw=
  dependencies:
    dot-case "^3.0.4"
    tslib "^2.0.3"

tslib@^2.0.3:
  version "2.3.1"
  resolved "https://registry.nlark.com/tslib/download/tslib-2.3.1.tgz#e8a335add5ceae51aa261d32a490158ef042ef01"
  integrity sha1-6KM1rdXOrlGqJh0ypJAVjvBC7wE=

util@^0.10.3:
  version "0.10.4"
  resolved "https://registry.nlark.com/util/download/util-0.10.4.tgz?cache=0&sync_timestamp=1622213047493&other_urls=https%3A%2F%2Fregistry.nlark.com%2Futil%2Fdownload%2Futil-0.10.4.tgz#3aa0125bfe668a4672de58857d3ace27ecb76901"
  integrity sha1-OqASW/5mikZy3liFfTrOJ+y3aQE=
  dependencies:
    inherits "2.0.3"

wmr@^3.7.2:
  version "3.7.2"
  resolved "https://registry.npmmirror.com/wmr/download/wmr-3.7.2.tgz#3d6dfb771fafc0e2119d4502aaea26ecd5963c19"
  integrity sha1-PW37dx+vwOIRnUUCquom7NWWPBk=
